
Microsoft Visual Studio Solution File, Format Version 11.00
# Visual C# Express 2010
Project("{FAE04EC0-301F-11D3-BF4B-00C04F79EFBC}") = "TopicDiff", "TopicDiff.csproj", "{DAEAB2D0-6F36-41C9-9F77-7CE29DF0B0F7}"
EndProject
Global
	GlobalSection(SolutionConfigurationPlatforms) = preSolution
		Debug|Any CPU = Debug|Any CPU
		Release|Any CPU = Release|Any CPU
	EndGlobalSection
	GlobalSection(ProjectConfigurationPlatforms) = postSolution
		{DAEAB2D0-6F36-41C9-9F77-7CE29DF0B0F7}.Debug|Any CPU.ActiveCfg = Debug|Any CPU
		{DAEAB2D0-6F36-41C9-9F77-7CE29DF0B0F7}.Debug|Any CPU.Build.0 = Debug|Any CPU
		{DAEAB2D0-6F36-41C9-9F77-7CE29DF0B0F7}.Release|Any CPU.ActiveCfg = Release|Any CPU
		{DAEAB2D0-6F36-41C9-9F77-7CE29DF0B0F7}.Release|Any CPU.Build.0 = Release|Any CPU
	EndGlobalSection
	GlobalSection(SolutionProperties) = preSolution
		HideSolutionNode = FALSE
	EndGlobalSection
EndGlobal
